
Microsoft Visual Studio Solution File, Format Version 12.00
# Visual Studio Version 17
VisualStudioVersion = 17.8.34330.188
MinimumVisualStudioVersion = 10.0.40219.1
Project("{FAE04EC0-301F-11D3-BF4B-00C04F79EFBC}") = "ConsoleApplication", "Delicious\ConsoleApplication.csproj", "{C9AF7462-7ABA-40C5-86B2-E79B532C3761}"
EndProject
Project("{2150E333-8FDC-42A3-9474-1A3956D46DE8}") = "UI", "UI", "{E09276A0-697A-40EA-B421-5822BDABCDCC}"
EndProject
Project("{2150E333-8FDC-42A3-9474-1A3956D46DE8}") = "DataLibraries", "DataLibraries", "{5BF95F0A-F40F-43FB-A08B-3AB8A87526EB}"
EndProject
Project("{FAE04EC0-301F-11D3-BF4B-00C04F79EFBC}") = "FoodDBApiLibrary", "FoodDBApiLibrary\FoodDBApiLibrary.csproj", "{BB890E79-2CEF-4DD1-AB3E-A63E2075C0B9}"
EndProject
Global
	GlobalSection(SolutionConfigurationPlatforms) = preSolution
		Debug|Any CPU = Debug|Any CPU
		Release|Any CPU = Release|Any CPU
	EndGlobalSection
	GlobalSection(ProjectConfigurationPlatforms) = postSolution
		{C9AF7462-7ABA-40C5-86B2-E79B532C3761}.Debug|Any CPU.ActiveCfg = Debug|Any CPU
		{C9AF7462-7ABA-40C5-86B2-E79B532C3761}.Debug|Any CPU.Build.0 = Debug|Any CPU
		{C9AF7462-7ABA-40C5-86B2-E79B532C3761}.Release|Any CPU.ActiveCfg = Release|Any CPU
		{C9AF7462-7ABA-40C5-86B2-E79B532C3761}.Release|Any CPU.Build.0 = Release|Any CPU
		{BB890E79-2CEF-4DD1-AB3E-A63E2075C0B9}.Debug|Any CPU.ActiveCfg = Debug|Any CPU
		{BB890E79-2CEF-4DD1-AB3E-A63E2075C0B9}.Debug|Any CPU.Build.0 = Debug|Any CPU
		{BB890E79-2CEF-4DD1-AB3E-A63E2075C0B9}.Release|Any CPU.ActiveCfg = Release|Any CPU
		{BB890E79-2CEF-4DD1-AB3E-A63E2075C0B9}.Release|Any CPU.Build.0 = Release|Any CPU
	EndGlobalSection
	GlobalSection(SolutionProperties) = preSolution
		HideSolutionNode = FALSE
	EndGlobalSection
	GlobalSection(NestedProjects) = preSolution
		{C9AF7462-7ABA-40C5-86B2-E79B532C3761} = {E09276A0-697A-40EA-B421-5822BDABCDCC}
		{BB890E79-2CEF-4DD1-AB3E-A63E2075C0B9} = {5BF95F0A-F40F-43FB-A08B-3AB8A87526EB}
	EndGlobalSection
	GlobalSection(ExtensibilityGlobals) = postSolution
		SolutionGuid = {840488A5-0244-4B8B-B49A-4A76F1B2F93C}
	EndGlobalSection
EndGlobal
